
Microsoft Visual Studio Solution File, Format Version 12.00
# Visual Studio Version 17
VisualStudioVersion = 17.11.35327.3
MinimumVisualStudioVersion = 10.0.40219.1
Project("{FAE04EC0-301F-11D3-BF4B-00C04F79EFBC}") = "Tic Tac Toe", "Tic Tac Toe.csproj", "{95EDB229-AD6C-4343-A937-09C0AA63B7C6}"
EndProject
Global
	GlobalSection(SolutionConfigurationPlatforms) = preSolution
		Debug|Any CPU = Debug|Any CPU
		Release|Any CPU = Release|Any CPU
	EndGlobalSection
	GlobalSection(ProjectConfigurationPlatforms) = postSolution
		{95EDB229-AD6C-4343-A937-09C0AA63B7C6}.Debug|Any CPU.ActiveCfg = Debug|Any CPU
		{95EDB229-AD6C-4343-A937-09C0AA63B7C6}.Debug|Any CPU.Build.0 = Debug|Any CPU
		{95EDB229-AD6C-4343-A937-09C0AA63B7C6}.Release|Any CPU.ActiveCfg = Release|Any CPU
		{95EDB229-AD6C-4343-A937-09C0AA63B7C6}.Release|Any CPU.Build.0 = Release|Any CPU
	EndGlobalSection
	GlobalSection(SolutionProperties) = preSolution
		HideSolutionNode = FALSE
	EndGlobalSection
	GlobalSection(ExtensibilityGlobals) = postSolution
		SolutionGuid = {C66A1CF6-870A-4408-8191-F4144C6C212A}
	EndGlobalSection
EndGlobal
